schema: '2.0'
stages:
  preprocess:
    cmd: python -m pipelines.train_pipeline --stage preprocess --data-path 
      data/raw/creditcard.csv
    deps:
    - path: data/raw/creditcard.csv
      hash: md5
      md5: e90efcb83d69faf99fcab8b0255024de
      size: 150828752
    - path: pipelines/train_pipeline.py
      hash: md5
      md5: 21d1164c2dd5c6ed2f8b4e2fb0fe1070
      size: 6605
    - path: src
      hash: md5
      md5: 602acfd135945ad261f731ec6a1fdae9.dir
      size: 101615
      nfiles: 31
    outs:
    - path: artifacts/scaler.pkl
      hash: md5
      md5: 527939f31df9ff58b28531fba3b6ca69
      size: 954
    - path: data/processed
      hash: md5
      md5: 272c251299054bf96ac7de04fab002b0.dir
      size: 60970328
      nfiles: 6
