schema: '2.0'
stages:
  preprocess:
    cmd: python -m pipelines.train_pipeline --stage preprocess --raw-data 
      data/raw/creditcard.csv
    deps:
    - path: data/raw/creditcard.csv
      hash: md5
      md5: e90efcb83d69faf99fcab8b0255024de
      size: 150828752
    - path: params.yaml
      hash: md5
      md5: e31349af5c5b56261faf7a0c5e1f6648
      size: 264
    - path: pipelines/train_pipeline.py
      hash: md5
      md5: d5e767ea9b008d57bcb5f1a886967585
      size: 8096
    - path: src/data
      hash: md5
      md5: 9e916100ae2e9300880f7a92fbb174dc.dir
      size: 21902
      nfiles: 8
    outs:
    - path: artifacts/scaler.pkl
      hash: md5
      md5: 527939f31df9ff58b28531fba3b6ca69
      size: 954
    - path: data/processed
      hash: md5
      md5: 272c251299054bf96ac7de04fab002b0.dir
      size: 60970328
      nfiles: 6
  train:
    cmd: python -m pipelines.train_pipeline --stage train --raw-data 
      data/raw/creditcard.csv
    deps:
    - path: artifacts/scaler.pkl
      hash: md5
      md5: 527939f31df9ff58b28531fba3b6ca69
      size: 954
    - path: data/processed
      hash: md5
      md5: 272c251299054bf96ac7de04fab002b0.dir
      size: 60970328
      nfiles: 6
    - path: params.yaml
      hash: md5
      md5: e31349af5c5b56261faf7a0c5e1f6648
      size: 264
    - path: pipelines/train_pipeline.py
      hash: md5
      md5: d5e767ea9b008d57bcb5f1a886967585
      size: 8096
    - path: src/evaluation
      hash: md5
      md5: 8bd30c4ec1a4f5fdc923f34081b4b95d.dir
      size: 23633
      nfiles: 6
    - path: src/features
      hash: md5
      md5: fea08c360753344f5bc207767afeda7d.dir
      size: 3079
      nfiles: 2
    - path: src/models
      hash: md5
      md5: 06d0740b8222c44f199f0b371225d695.dir
      size: 14636
      nfiles: 6
    - path: src/utils
      hash: md5
      md5: d3929bb9d288c4885c024488afa1415d.dir
      size: 19069
      nfiles: 8
    outs:
    - path: artifacts/cv_scores.json
      hash: md5
      md5: 991e6c584072d29abd0ded4a78cd4dbb
      size: 415
    - path: artifacts/metrics.json
      hash: md5
      md5: 510eb28e5f46d396602ca079f1f1bfc9
      size: 394
    - path: artifacts/model.pkl
      hash: md5
      md5: 6c863b50fc44941154521ba33feabc90
      size: 434720
    - path: artifacts/threshold.json
      hash: md5
      md5: df71fedc41e1df9fa60ea6771852b5b0
      size: 25
  evaluate:
    cmd: python -m pipelines.evaluate_pipeline
    deps:
    - path: artifacts/model.pkl
      hash: md5
      md5: 6c863b50fc44941154521ba33feabc90
      size: 434720
    - path: artifacts/scaler.pkl
      hash: md5
      md5: 527939f31df9ff58b28531fba3b6ca69
      size: 954
    - path: pipelines/evaluate_pipeline.py
      hash: md5
      md5: 39ea2a283f3164c4c5316a528ee03c92
      size: 3548
    - path: src/evaluation
      hash: md5
      md5: 8bd30c4ec1a4f5fdc923f34081b4b95d.dir
      size: 23633
      nfiles: 6
    - path: src/inference
      hash: md5
      md5: a13d879edadd9cbecf3149bab64d2752.dir
      size: 17182
      nfiles: 5
    outs:
    - path: artifacts/evaluation_metrics.json
      hash: md5
      md5: a96f7781087cf8428268ef193fde73dc
      size: 855
